hash: 7c7d7c24bd61d0c34fe18a6f2509b16e03d5e4f2c7e4d3281c2c91b35c31547b
updated: 2016-08-21T15:06:05.742832258+10:00
imports:
- name: github.com/BurntSushi/toml
  version: bbd5bb678321a0d6e58f1099321dfa73391c1b6f
- name: github.com/containous/flaeg
  version: a731c034dda967333efce5f8d276aeff11f8ff87
- name: github.com/containous/staert
  version: 044bdfee6c8f5e8fb71f70d5ba1cf4cb11a94e97
- name: github.com/DavidHuie/gomigrate
  version: 4004e6142040f5d622e9d2be6e833a4652741571
- name: github.com/docker/libkv
  version: aabc039ad04deb721e234f99cd1b4aa28ac71a40
  subpackages:
  - store
- name: github.com/go-kit/kit
  version: 6fb874ce59bb45b2f60ee3d289829db02142ecc6
  subpackages:
  - log
  - log/term
  - endpoint
  - transport/http
- name: github.com/go-logfmt/logfmt
  version: d4327190ff838312623b09bfeb50d7c93c8d9c1d
- name: github.com/go-stack/stack
  version: 100eb0c0a9c5b306ca2fb4f165df21d80ada4b82
- name: github.com/gorilla/context
  version: 1ea25387ff6f684839d82767c1733ff4d4d15d0a
- name: github.com/gorilla/mux
  version: 0eeaf8392f5b04950925b8a69fe70f110fa7cbfc
- name: github.com/jmoiron/sqlx
  version: 7396209bbeada6a4fcc28aa9408f89b2e71cac39
  subpackages:
  - reflectx
- name: github.com/kr/logfmt
  version: b84e30acd515aadc4b783ad4ff83aff3299bdfe0
- name: github.com/lann/builder
  version: f22ce00fd9394014049dad11c244859432bd6820
- name: github.com/lann/ps
  version: 62de8c46ede02a7675c4c79c84883eb164cb71e3
- name: github.com/lib/pq
  version: 80f8150043c80fb52dee6bc863a709cdac7ec8f8
  subpackages:
  - oid
- name: github.com/Masterminds/squirrel
  version: caff2d522d550f0998629c85898ad35e8a603328
- name: github.com/mitchellh/mapstructure
  version: ca63d7c062ee3c9f34db231e352b60012b4fd0c1
- name: github.com/ogier/pflag
  version: 32a05c62658bd1d7c7e75cbc8195de5d585fde0f
- name: github.com/satori/go.uuid
  version: 879c5887cd475cd7864858769793b2ceb0d44feb
- name: golang.org/x/net
  version: 7394c112eae4dba7e96bfcfe738e6373d61772b4
  subpackages:
  - context
  - context/ctxhttp
testImports: []
